{
  "name": "chat-core",
  "version": "1.0.0",
  "lockfileVersion": 3,
  "requires": true,
  "packages": {
    "": {
      "name": "chat-core",
      "version": "1.0.0",
      "license": "ISC",
      "dependencies": {
        "@nlxai/chat-core": "file:../../packages/chat-core"
      },
      "devDependencies": {
        "typescript": "^5.5.2"
      }
    },
    "../../packages/chat-core": {
      "name": "@nlxai/chat-core",
      "version": "0.1.34",
      "license": "MIT",
      "dependencies": {
        "isomorphic-fetch": "^3.0.0",
        "ramda": "^0.29.1",
        "reconnecting-websocket": "^4.4.0",
        "uuid": "^9.0.1"
      },
      "devDependencies": {
        "@rollup/plugin-commonjs": "^25.0.7",
        "@rollup/plugin-json": "^6.0.1",
        "@rollup/plugin-node-resolve": "^15.2.3",
        "@rollup/plugin-replace": "^5.0.5",
        "@rollup/plugin-terser": "^0.4.4",
        "@rollup/plugin-typescript": "^11.1.5",
        "@types/isomorphic-fetch": "^0.0.36",
        "@types/node": "^11.15.11",
        "@types/ramda": "0.29.1",
        "@types/uuid": "^9.0.7",
        "concat-md": "^0.5.1",
        "eslint-config-nlx": "*",
        "prettier": "^3.1.0",
        "rollup": "^4.9.3",
        "rollup-plugin-node-polyfills": "^0.2.1",
        "typedoc": "^0.25.13",
        "typedoc-plugin-markdown": "^3.17.1",
        "typescript": "^5.2.2"
      }
    },
    "node_modules/@nlxai/chat-core": {
      "resolved": "../../packages/chat-core",
      "link": true
    },
    "node_modules/typescript": {
      "version": "5.5.2",
      "resolved": "https://registry.npmjs.org/typescript/-/typescript-5.5.2.tgz",
      "integrity": "sha512-NcRtPEOsPFFWjobJEtfihkLCZCXZt/os3zf8nTxjVH3RvTSxjrCamJpbExGvYOF+tFHc3pA65qpdwPbzjohhew==",
      "dev": true,
      "bin": {
        "tsc": "bin/tsc",
        "tsserver": "bin/tsserver"
      },
      "engines": {
        "node": ">=14.17"
      }
    }
  }
}
