{
  "name": "chat-core",
  "version": "1.0.0",
  "lockfileVersion": 3,
  "requires": true,
  "packages": {
    "": {
      "name": "chat-core",
      "version": "1.0.0",
      "license": "ISC",
      "dependencies": {
        "@nlxai/chat-core": "file:../../packages/chat-core"
      },
      "devDependencies": {
        "typescript": "^5.5.4"
      }
    },
    "../../packages/chat-core": {
      "name": "@nlxai/chat-core",
      "version": "1.0.4",
      "license": "MIT",
      "dependencies": {
        "isomorphic-fetch": "^3.0.0",
        "ramda": "^0.29.1",
        "reconnecting-websocket": "^4.4.0",
        "uuid": "^9.0.1"
      },
      "devDependencies": {
        "@types/isomorphic-fetch": "^0.0.36",
        "@types/node": "^22.10.1",
        "@types/ramda": "0.29.1",
        "@types/uuid": "^9.0.7",
        "concat-md": "^0.5.1",
        "eslint-config-nlx": "*",
        "prettier": "^3.1.0",
        "rollup-config-nlx": "*",
        "typedoc": "^0.25.13",
        "typedoc-plugin-markdown": "^3.17.1",
        "typescript": "^5.5.4"
      }
    },
    "node_modules/@nlxai/chat-core": {
      "resolved": "../../packages/chat-core",
      "link": true
    },
    "node_modules/typescript": {
      "version": "5.5.4",
      "resolved": "https://registry.npmjs.org/typescript/-/typescript-5.5.4.tgz",
      "integrity": "sha512-Mtq29sKDAEYP7aljRgtPOpTvOfbwRWlS6dPRzwjdE+C0R4brX/GUyhHSecbHMFLNBLcJIPt9nl9yG5TZ1weH+Q==",
      "dev": true,
      "bin": {
        "tsc": "bin/tsc",
        "tsserver": "bin/tsserver"
      },
      "engines": {
        "node": ">=14.17"
      }
    }
  }
}
